
Microsoft Visual Studio Solution File, Format Version 12.00
# Visual Studio Version 17
VisualStudioVersion = 17.6.33712.159
MinimumVisualStudioVersion = 10.0.40219.1
Project("{FAE04EC0-301F-11D3-BF4B-00C04F79EFBC}") = "Palindrome - Strings", "Palindrome - Strings\Palindrome - Strings.csproj", "{1687578E-061F-4B37-95EE-EE0D15C025EA}"
EndProject
Global
	GlobalSection(SolutionConfigurationPlatforms) = preSolution
		Debug|Any CPU = Debug|Any CPU
		Release|Any CPU = Release|Any CPU
	EndGlobalSection
	GlobalSection(ProjectConfigurationPlatforms) = postSolution
		{1687578E-061F-4B37-95EE-EE0D15C025EA}.Debug|Any CPU.ActiveCfg = Debug|Any CPU
		{1687578E-061F-4B37-95EE-EE0D15C025EA}.Debug|Any CPU.Build.0 = Debug|Any CPU
		{1687578E-061F-4B37-95EE-EE0D15C025EA}.Release|Any CPU.ActiveCfg = Release|Any CPU
		{1687578E-061F-4B37-95EE-EE0D15C025EA}.Release|Any CPU.Build.0 = Release|Any CPU
	EndGlobalSection
	GlobalSection(SolutionProperties) = preSolution
		HideSolutionNode = FALSE
	EndGlobalSection
	GlobalSection(ExtensibilityGlobals) = postSolution
		SolutionGuid = {2421436E-4391-462A-A542-41BB6D22092B}
	EndGlobalSection
EndGlobal
