
Microsoft Visual Studio Solution File, Format Version 12.00
# Visual Studio Version 17
VisualStudioVersion = 17.6.33712.159
MinimumVisualStudioVersion = 10.0.40219.1
Project("{9A19103F-16F7-4668-BE54-9A1E7A4F7556}") = "Palindrome - Strings", "Palindrome - Strings\Palindrome - Strings.csproj", "{1687578E-061F-4B37-95EE-EE0D15C025EA}"
EndProject
Project("{9A19103F-16F7-4668-BE54-9A1E7A4F7556}") = "First Non-Repeating Character - Strings", "First Non-Repeating Character\First Non-Repeating Character - Strings.csproj", "{B06B9D15-6285-4E9D-8184-1A9CF5276099}"
EndProject
Project("{9A19103F-16F7-4668-BE54-9A1E7A4F7556}") = "Balanced Brackets - Stacks", "Balanced Brackets - Stacks\Balanced Brackets - Stacks.csproj", "{A5A00410-05C2-44FE-9386-92EEFFB18B3B}"
EndProject
Project("{9A19103F-16F7-4668-BE54-9A1E7A4F7556}") = "Nth Fibonacci - Recursion", "Nth Fibonacci - Recursion\Nth Fibonacci - Recursion.csproj", "{3977957A-1AC4-4AFF-9A1E-5BAFD6B299DB}"
EndProject
Project("{9A19103F-16F7-4668-BE54-9A1E7A4F7556}") = "BlackJack Probability - Recursion", "BlackJack Probability - Recursion\BlackJack Probability - Recursion.csproj", "{20656F31-B964-477F-BAAF-0BBF6CEA53F0}"
EndProject
Project("{2150E333-8FDC-42A3-9474-1A3956D46DE8}") = "Stack Question", "Stack Question", "{9F95B6C8-4DF0-445F-B194-56C0D77D855A}"
EndProject
Project("{2150E333-8FDC-42A3-9474-1A3956D46DE8}") = "Recursion Questions", "Recursion Questions", "{FA6B25C0-574F-4DD9-97FA-692F90C564FA}"
EndProject
Project("{2150E333-8FDC-42A3-9474-1A3956D46DE8}") = "Strings", "Strings", "{E4ABE1B1-4368-442B-892B-CB0116A5BBDC}"
EndProject
Global
	GlobalSection(SolutionConfigurationPlatforms) = preSolution
		Debug|Any CPU = Debug|Any CPU
		Release|Any CPU = Release|Any CPU
	EndGlobalSection
	GlobalSection(ProjectConfigurationPlatforms) = postSolution
		{1687578E-061F-4B37-95EE-EE0D15C025EA}.Debug|Any CPU.ActiveCfg = Debug|Any CPU
		{1687578E-061F-4B37-95EE-EE0D15C025EA}.Debug|Any CPU.Build.0 = Debug|Any CPU
		{1687578E-061F-4B37-95EE-EE0D15C025EA}.Release|Any CPU.ActiveCfg = Release|Any CPU
		{1687578E-061F-4B37-95EE-EE0D15C025EA}.Release|Any CPU.Build.0 = Release|Any CPU
		{B06B9D15-6285-4E9D-8184-1A9CF5276099}.Debug|Any CPU.ActiveCfg = Debug|Any CPU
		{B06B9D15-6285-4E9D-8184-1A9CF5276099}.Debug|Any CPU.Build.0 = Debug|Any CPU
		{B06B9D15-6285-4E9D-8184-1A9CF5276099}.Release|Any CPU.ActiveCfg = Release|Any CPU
		{B06B9D15-6285-4E9D-8184-1A9CF5276099}.Release|Any CPU.Build.0 = Release|Any CPU
		{A5A00410-05C2-44FE-9386-92EEFFB18B3B}.Debug|Any CPU.ActiveCfg = Debug|Any CPU
		{A5A00410-05C2-44FE-9386-92EEFFB18B3B}.Debug|Any CPU.Build.0 = Debug|Any CPU
		{A5A00410-05C2-44FE-9386-92EEFFB18B3B}.Release|Any CPU.ActiveCfg = Release|Any CPU
		{A5A00410-05C2-44FE-9386-92EEFFB18B3B}.Release|Any CPU.Build.0 = Release|Any CPU
		{3977957A-1AC4-4AFF-9A1E-5BAFD6B299DB}.Debug|Any CPU.ActiveCfg = Debug|Any CPU
		{3977957A-1AC4-4AFF-9A1E-5BAFD6B299DB}.Debug|Any CPU.Build.0 = Debug|Any CPU
		{3977957A-1AC4-4AFF-9A1E-5BAFD6B299DB}.Release|Any CPU.ActiveCfg = Release|Any CPU
		{3977957A-1AC4-4AFF-9A1E-5BAFD6B299DB}.Release|Any CPU.Build.0 = Release|Any CPU
		{20656F31-B964-477F-BAAF-0BBF6CEA53F0}.Debug|Any CPU.ActiveCfg = Debug|Any CPU
		{20656F31-B964-477F-BAAF-0BBF6CEA53F0}.Debug|Any CPU.Build.0 = Debug|Any CPU
		{20656F31-B964-477F-BAAF-0BBF6CEA53F0}.Release|Any CPU.ActiveCfg = Release|Any CPU
		{20656F31-B964-477F-BAAF-0BBF6CEA53F0}.Release|Any CPU.Build.0 = Release|Any CPU
	EndGlobalSection
	GlobalSection(SolutionProperties) = preSolution
		HideSolutionNode = FALSE
	EndGlobalSection
	GlobalSection(NestedProjects) = preSolution
		{1687578E-061F-4B37-95EE-EE0D15C025EA} = {E4ABE1B1-4368-442B-892B-CB0116A5BBDC}
		{B06B9D15-6285-4E9D-8184-1A9CF5276099} = {E4ABE1B1-4368-442B-892B-CB0116A5BBDC}
		{A5A00410-05C2-44FE-9386-92EEFFB18B3B} = {9F95B6C8-4DF0-445F-B194-56C0D77D855A}
		{3977957A-1AC4-4AFF-9A1E-5BAFD6B299DB} = {FA6B25C0-574F-4DD9-97FA-692F90C564FA}
		{20656F31-B964-477F-BAAF-0BBF6CEA53F0} = {FA6B25C0-574F-4DD9-97FA-692F90C564FA}
	EndGlobalSection
	GlobalSection(ExtensibilityGlobals) = postSolution
		SolutionGuid = {2421436E-4391-462A-A542-41BB6D22092B}
	EndGlobalSection
EndGlobal
